
Microsoft Visual Studio Solution File, Format Version 12.00
# Visual Studio Version 17
VisualStudioVersion = 17.10.34928.147
MinimumVisualStudioVersion = 10.0.40219.1
Project("{9A19103F-16F7-4668-BE54-9A1E7A4F7556}") = "Domain", "Domain\Domain.csproj", "{D3D91ABC-0DDF-49D4-9847-FFBC40160559}"
EndProject
Project("{FAE04EC0-301F-11D3-BF4B-00C04F79EFBC}") = "Service", "Service\Service.csproj", "{C2A0012E-4536-4B00-8CD5-97E8E1EBFB1B}"
EndProject
Global
	GlobalSection(SolutionConfigurationPlatforms) = preSolution
		Debug|Any CPU = Debug|Any CPU
		Release|Any CPU = Release|Any CPU
	EndGlobalSection
	GlobalSection(ProjectConfigurationPlatforms) = postSolution
		{D3D91ABC-0DDF-49D4-9847-FFBC40160559}.Debug|Any CPU.ActiveCfg = Debug|Any CPU
		{D3D91ABC-0DDF-49D4-9847-FFBC40160559}.Debug|Any CPU.Build.0 = Debug|Any CPU
		{D3D91ABC-0DDF-49D4-9847-FFBC40160559}.Release|Any CPU.ActiveCfg = Release|Any CPU
		{D3D91ABC-0DDF-49D4-9847-FFBC40160559}.Release|Any CPU.Build.0 = Release|Any CPU
		{C2A0012E-4536-4B00-8CD5-97E8E1EBFB1B}.Debug|Any CPU.ActiveCfg = Debug|Any CPU
		{C2A0012E-4536-4B00-8CD5-97E8E1EBFB1B}.Debug|Any CPU.Build.0 = Debug|Any CPU
		{C2A0012E-4536-4B00-8CD5-97E8E1EBFB1B}.Release|Any CPU.ActiveCfg = Release|Any CPU
		{C2A0012E-4536-4B00-8CD5-97E8E1EBFB1B}.Release|Any CPU.Build.0 = Release|Any CPU
	EndGlobalSection
	GlobalSection(SolutionProperties) = preSolution
		HideSolutionNode = FALSE
	EndGlobalSection
	GlobalSection(ExtensibilityGlobals) = postSolution
		SolutionGuid = {01B2415E-1C21-4CB4-A938-8E1175D946FF}
	EndGlobalSection
EndGlobal
